
Microsoft Visual Studio Solution File, Format Version 12.00
# Visual Studio 14
VisualStudioVersion = 14.0.25420.1
MinimumVisualStudioVersion = 10.0.40219.1
Project("{FAE04EC0-301F-11D3-BF4B-00C04F79EFBC}") = "IIRS", "IIRS\IIRS.csproj", "{3B052DBE-1DA7-4BC9-967E-0EBD8770F3B7}"
EndProject
Project("{FAE04EC0-301F-11D3-BF4B-00C04F79EFBC}") = "IIRS.DAL", "IIRS.DAL\IIRS.DAL.csproj", "{142F2F33-AD6C-45BB-9060-D7229BFD8B1A}"
EndProject
Project("{FAE04EC0-301F-11D3-BF4B-00C04F79EFBC}") = "IIRS.Core", "IIRS.Core\IIRS.Core.csproj", "{3660B93F-98A7-4EC9-A45D-B1447F438E89}"
EndProject
Project("{FAE04EC0-301F-11D3-BF4B-00C04F79EFBC}") = "IIRS.Repository", "IIRS.Repository\IIRS.Repository.csproj", "{4D8B9225-6D20-493A-8576-53810096E36C}"
EndProject
Global
	GlobalSection(SolutionConfigurationPlatforms) = preSolution
		Debug|Any CPU = Debug|Any CPU
		Release|Any CPU = Release|Any CPU
	EndGlobalSection
	GlobalSection(ProjectConfigurationPlatforms) = postSolution
		{3B052DBE-1DA7-4BC9-967E-0EBD8770F3B7}.Debug|Any CPU.ActiveCfg = Debug|Any CPU
		{3B052DBE-1DA7-4BC9-967E-0EBD8770F3B7}.Debug|Any CPU.Build.0 = Debug|Any CPU
		{3B052DBE-1DA7-4BC9-967E-0EBD8770F3B7}.Release|Any CPU.ActiveCfg = Release|Any CPU
		{3B052DBE-1DA7-4BC9-967E-0EBD8770F3B7}.Release|Any CPU.Build.0 = Release|Any CPU
		{142F2F33-AD6C-45BB-9060-D7229BFD8B1A}.Debug|Any CPU.ActiveCfg = Debug|Any CPU
		{142F2F33-AD6C-45BB-9060-D7229BFD8B1A}.Debug|Any CPU.Build.0 = Debug|Any CPU
		{142F2F33-AD6C-45BB-9060-D7229BFD8B1A}.Release|Any CPU.ActiveCfg = Release|Any CPU
		{142F2F33-AD6C-45BB-9060-D7229BFD8B1A}.Release|Any CPU.Build.0 = Release|Any CPU
		{3660B93F-98A7-4EC9-A45D-B1447F438E89}.Debug|Any CPU.ActiveCfg = Debug|Any CPU
		{3660B93F-98A7-4EC9-A45D-B1447F438E89}.Debug|Any CPU.Build.0 = Debug|Any CPU
		{3660B93F-98A7-4EC9-A45D-B1447F438E89}.Release|Any CPU.ActiveCfg = Release|Any CPU
		{3660B93F-98A7-4EC9-A45D-B1447F438E89}.Release|Any CPU.Build.0 = Release|Any CPU
		{4D8B9225-6D20-493A-8576-53810096E36C}.Debug|Any CPU.ActiveCfg = Debug|Any CPU
		{4D8B9225-6D20-493A-8576-53810096E36C}.Debug|Any CPU.Build.0 = Debug|Any CPU
		{4D8B9225-6D20-493A-8576-53810096E36C}.Release|Any CPU.ActiveCfg = Release|Any CPU
		{4D8B9225-6D20-493A-8576-53810096E36C}.Release|Any CPU.Build.0 = Release|Any CPU
	EndGlobalSection
	GlobalSection(SolutionProperties) = preSolution
		HideSolutionNode = FALSE
	EndGlobalSection
EndGlobal
